<?xml version="1.0" encoding="utf-8"?>
<Project ToolsVersion="4.0" xmlns="http://schemas.microsoft.com/developer/msbuild/2003">
  <ItemGroup>
    <Filter Include="Profile">
      <UniqueIdentifier>{e6ae81f8-99f6-42ea-b1c0-9251c2d9eb78}</UniqueIdentifier>
    </Filter>
    <Filter Include="Profile\Source Files">
      <UniqueIdentifier>{4FC737F1-C7A5-4376-A066-2A32D752A2FF}</UniqueIdentifier>
      <Extensions>cpp;c;cc;cxx;def;odl;idl;hpj;bat;asm;asmx</Extensions>
    </Filter>
    <Filter Include="Profile\Header Files">
      <UniqueIdentifier>{995e3ef7-e89b-499f-8d11-6a639a4ea127}</UniqueIdentifier>
    </Filter>
  </ItemGroup>
  <ItemGroup>
    <ClCompile Include="..\dist\node-mod\node.cpp">
      <Filter>Profile\Source Files</Filter>
    </ClCompile>
  </ItemGroup>
  <ItemGroup>
    <Text Include="..\dist\node-mod\node.hpp">
      <Filter>Profile\Header Files</Filter>
    </Text>
  </ItemGroup>
</Project>